
Microsoft Visual Studio Solution File, Format Version 12.00
# Visual Studio Version 16
VisualStudioVersion = 16.0.31613.86
MinimumVisualStudioVersion = 10.0.40219.1
Project("{9A19103F-16F7-4668-BE54-9A1E7A4F7556}") = "CursoCSharp", "CursoCSharp\CursoCSharp.csproj", "{B28BD8C7-D6FC-4331-91C4-D49996E60588}"
EndProject
Project("{FAE04EC0-301F-11D3-BF4B-00C04F79EFBC}") = "Encapsulamento", "Encapsulamento\Encapsulamento.csproj", "{B100A8A7-7464-4C59-AAA5-8073AB5E7324}"
EndProject
Global
	GlobalSection(SolutionConfigurationPlatforms) = preSolution
		Debug|Any CPU = Debug|Any CPU
		Release|Any CPU = Release|Any CPU
	EndGlobalSection
	GlobalSection(ProjectConfigurationPlatforms) = postSolution
		{B28BD8C7-D6FC-4331-91C4-D49996E60588}.Debug|Any CPU.ActiveCfg = Debug|Any CPU
		{B28BD8C7-D6FC-4331-91C4-D49996E60588}.Debug|Any CPU.Build.0 = Debug|Any CPU
		{B28BD8C7-D6FC-4331-91C4-D49996E60588}.Release|Any CPU.ActiveCfg = Release|Any CPU
		{B28BD8C7-D6FC-4331-91C4-D49996E60588}.Release|Any CPU.Build.0 = Release|Any CPU
		{B100A8A7-7464-4C59-AAA5-8073AB5E7324}.Debug|Any CPU.ActiveCfg = Debug|Any CPU
		{B100A8A7-7464-4C59-AAA5-8073AB5E7324}.Debug|Any CPU.Build.0 = Debug|Any CPU
		{B100A8A7-7464-4C59-AAA5-8073AB5E7324}.Release|Any CPU.ActiveCfg = Release|Any CPU
		{B100A8A7-7464-4C59-AAA5-8073AB5E7324}.Release|Any CPU.Build.0 = Release|Any CPU
	EndGlobalSection
	GlobalSection(SolutionProperties) = preSolution
		HideSolutionNode = FALSE
	EndGlobalSection
	GlobalSection(ExtensibilityGlobals) = postSolution
		SolutionGuid = {F123A552-4313-4842-A415-5FD879A1F65B}
	EndGlobalSection
EndGlobal
